
Microsoft Visual Studio Solution File, Format Version 12.00
# Visual Studio Version 16
VisualStudioVersion = 16.0.29613.14
MinimumVisualStudioVersion = 10.0.40219.1
Project("{FAE04EC0-301F-11D3-BF4B-00C04F79EFBC}") = "Test2", "Test2\Test2.csproj", "{FCCCDE7D-9F76-4B22-A583-0F63E7C4BCE9}"
EndProject
Global
	GlobalSection(SolutionConfigurationPlatforms) = preSolution
		Debug|Any CPU = Debug|Any CPU
		Release|Any CPU = Release|Any CPU
	EndGlobalSection
	GlobalSection(ProjectConfigurationPlatforms) = postSolution
		{FCCCDE7D-9F76-4B22-A583-0F63E7C4BCE9}.Debug|Any CPU.ActiveCfg = Debug|Any CPU
		{FCCCDE7D-9F76-4B22-A583-0F63E7C4BCE9}.Debug|Any CPU.Build.0 = Debug|Any CPU
		{FCCCDE7D-9F76-4B22-A583-0F63E7C4BCE9}.Release|Any CPU.ActiveCfg = Release|Any CPU
		{FCCCDE7D-9F76-4B22-A583-0F63E7C4BCE9}.Release|Any CPU.Build.0 = Release|Any CPU
	EndGlobalSection
	GlobalSection(SolutionProperties) = preSolution
		HideSolutionNode = FALSE
	EndGlobalSection
	GlobalSection(ExtensibilityGlobals) = postSolution
		SolutionGuid = {1515AA80-D4C1-49F9-9615-90774BB5BC03}
	EndGlobalSection
EndGlobal
